# fmn-golden-lock v1 suite=certified_engine key=certified
caps_and_joins.v1	462319	2bbb2d3e348a54341b9c773f4ab9596d8ce72775ffde9d43b3d0f2ae30c721dd
caps_and_joins.v1.png	7144	e0a5df057f7e0ca5de91d67b57267a8277e136fe88299129d55da79ecdd5ca67
composite.v1	462319	0ad85faaa16fe15067d6f009ecb1697df26d23d91bb39b7fc7715814d1f7c38b
composite.v1.png	17105	e8b548f93dd0b519062bb97506906ef17645db0c8595984dc9f87744f2d11916
fills.v1	462319	fa6b4bdce56082fb5fe28cae68873697f6244430aa806809ac25ccee77bc1e20
fills.v1.png	12733	0cf9f3486dd9b90c3537e6f5621c9871708e48c51dc8e7e815e3bec51b631c8c
