# fmn-golden-lock v1 suite=certified_engine key=certified
caps_and_joins.v1	462319	05f67e0b2056555bb9b13c7f1b33ac57ea307c826ee00d887b16c1360f1a92bc
composite.v1	462319	dc76c1e6e7922164ad007f607c1de582f94e683413285c4af185bc05256a9ab4
fills.v1	462319	fa6b4bdce56082fb5fe28cae68873697f6244430aa806809ac25ccee77bc1e20
