# fmn-golden-lock v1 suite=certified_engine key=certified
caps_and_joins.v1	462319	2bbb2d3e348a54341b9c773f4ab9596d8ce72775ffde9d43b3d0f2ae30c721dd
composite.v1	462319	0ad85faaa16fe15067d6f009ecb1697df26d23d91bb39b7fc7715814d1f7c38b
fills.v1	462319	fa6b4bdce56082fb5fe28cae68873697f6244430aa806809ac25ccee77bc1e20
