# fmn-golden-lock v1 suite=e2e key=certified
determinism.repeat.v1	9849837	75c3e46ecbd6a37c3045fda779e8d115853d2fbef0b1b1cf2eda190c24f0a177
lifecycle.circle_tex_label.construct_transform.v1	927693	3e75e7e7c7604a43a8feb2f4e0f3a06306c548dbf6a109195a33cc72027a0df2
render_matrix.cli_camera.dot_cloud_depth.v1.0000	273	160d092871afa8fc777a583b9300994516f6cae852669ed510360677f6a6dad0
render_matrix.cli_camera.dot_cloud_depth.v1.0001	268	1bf0d8fa3f22e00cea7f2c993b086722fca2174049f6fda41de25c1f83b83b03
render_matrix.cli_camera.image_quad.v1.0000	362	88bab1b8affd606994e1cfd406ba8fdbc471798187ded432c192d5ef9ff43f3a
render_matrix.cli_camera.image_quad.v1.0001	368	baa4ad5df82bac0f8df5d8fc20894ebf2af491060af35e57997ce553dce534cc
render_matrix.cli_camera.mixed_camera.v1.0000	520	739ff941c8118d446fc08182a5d75c3b464988e106461a8344d9ac30a454b23b
render_matrix.cli_camera.mixed_camera.v1.0001	504	289dcd17441181ec2e9deac85703fcaa964cd5c5dfb02912d9bda9e336e58473
render_matrix.cli_camera.surface_cube.v1.0000	306	c2e31f51c707085de45e6a1dceacfb6886034a0e8312604d70c2047eb3083f0a
render_matrix.cli_camera.surface_cube.v1.0001	294	5499ff5ef9f106381e9809514e78dae6339e4678c06e368f6009d626781f3edd
render_matrix.cli_primitive.annulus_scale.v1.0000	338	2ab740c690ef02ae05811b4f696d90eeb457e33b1efb6f53c310de77037d23da
render_matrix.cli_primitive.annulus_scale.v1.0001	343	837445b6a9e43d08ad26eb8a2a17e721a03bb908113a3d2470186f160c2a856b
render_matrix.cli_primitive.annulus_scale.v1.0002	343	837445b6a9e43d08ad26eb8a2a17e721a03bb908113a3d2470186f160c2a856b
render_matrix.cli_primitive.annulus_shift.v1.0000	380	2767af7e1773e6165dd23fb99ac66dce84c3cca30b279fef9760904280099b3c
render_matrix.cli_primitive.annulus_shift.v1.0001	400	b8f013f2147e80aa40c1b9288e9807922c03d63b2ee1443dd3d12737f77d66a5
render_matrix.cli_primitive.annulus_shift.v1.0002	400	b8f013f2147e80aa40c1b9288e9807922c03d63b2ee1443dd3d12737f77d66a5
render_matrix.cli_primitive.arc_between_points.v1.0000	327	aa67368f7ddb8187c8e2a320f98b9ba4d64f3ff4e157a44158dd9b81e77401c2
render_matrix.cli_primitive.arc_between_points.v1.0001	334	eed9a54d3779520120554ca202af33e188eb70b823210c2b398682b75b72f6f1
render_matrix.cli_primitive.arc_between_points.v1.0002	334	eed9a54d3779520120554ca202af33e188eb70b823210c2b398682b75b72f6f1
render_matrix.cli_primitive.arc_scale.v1.0000	336	42989437410c5558a8d212e7e64ad2e32e50f4617e7113f99048144c00bee151
render_matrix.cli_primitive.arc_scale.v1.0001	333	e06281e3b143afa9186be4d693cee5103cb8b66dc5787b81ad3a9f5faab96529
render_matrix.cli_primitive.arc_scale.v1.0002	333	e06281e3b143afa9186be4d693cee5103cb8b66dc5787b81ad3a9f5faab96529
render_matrix.cli_primitive.arc_shift.v1.0000	325	ea64f8f855dbc8ba2cc5887977f6581ce014e2f04f445a897d596051e38b5e79
render_matrix.cli_primitive.arc_shift.v1.0001	361	bcf455b8151f5e2db71aaf976b3e94d45c66988e85d7af380f03abedd3d9c85c
render_matrix.cli_primitive.arc_shift.v1.0002	361	bcf455b8151f5e2db71aaf976b3e94d45c66988e85d7af380f03abedd3d9c85c
render_matrix.cli_primitive.arrow_scale.v1.0000	308	0d7bd02626102f20d7ad7abd3f362e7ed3bed692949d50bb3871a7d39f5fbd11
render_matrix.cli_primitive.arrow_scale.v1.0001	306	a071411ea6fb46feb8e3a4d63685921e0684bd35ff2efc86021ebc8e0a3bf982
render_matrix.cli_primitive.arrow_scale.v1.0002	306	a071411ea6fb46feb8e3a4d63685921e0684bd35ff2efc86021ebc8e0a3bf982
render_matrix.cli_primitive.arrow_shift.v1.0000	286	f8ef5a053d2ba60f8e68e9fe6cbe48d12deacd814c728bd19c148e729f9891d2
render_matrix.cli_primitive.arrow_shift.v1.0001	297	7a9d10bff6a9d8cdd1b86da146caa7a4daea5efafd9597e8cb9140edeaa4a272
render_matrix.cli_primitive.arrow_shift.v1.0002	297	7a9d10bff6a9d8cdd1b86da146caa7a4daea5efafd9597e8cb9140edeaa4a272
render_matrix.cli_primitive.circle_scale.v1.0000	335	96800150180a2ce926520dcd0b0e548dc8e546e639e64b16eff44c94a2292a74
render_matrix.cli_primitive.circle_scale.v1.0001	332	0934f1d1bf08c03880cf5e17f94bdc0ecc9a926594fdc39be3f28e2568e44600
render_matrix.cli_primitive.circle_scale.v1.0002	332	0934f1d1bf08c03880cf5e17f94bdc0ecc9a926594fdc39be3f28e2568e44600
render_matrix.cli_primitive.circle_shift.v1.0000	333	391f3fb2d00805f495b061d2f8332a1e88c377d579638a28cca50d43a97a7f1b
render_matrix.cli_primitive.circle_shift.v1.0001	359	cf7496903fc404e5283d278f5f2e50111e10b03ba619ec1f663030fd64b76c3e
render_matrix.cli_primitive.circle_shift.v1.0002	359	cf7496903fc404e5283d278f5f2e50111e10b03ba619ec1f663030fd64b76c3e
render_matrix.cli_primitive.dashed_line_scale.v1.0000	321	643a1d1850a4fea6f6ec09c6b90073d12c5b49ed115d3ccdb0864326858b921a
render_matrix.cli_primitive.dashed_line_scale.v1.0001	321	b1a1816d0c5092614c1c183606a8cf9982e2d5991228c6d11eb1153af048e29c
render_matrix.cli_primitive.dashed_line_scale.v1.0002	321	b1a1816d0c5092614c1c183606a8cf9982e2d5991228c6d11eb1153af048e29c
render_matrix.cli_primitive.dashed_line_shift.v1.0000	281	e556143c37ee74bc39ed4ee7ab55c59e70f1c5a3f81c661b2ae921bd208b0b6d
render_matrix.cli_primitive.dashed_line_shift.v1.0001	286	b6f4f74b411f3efded1b708e3e2d9c1b619dfa2049d119b0fd70518caa6294d3
render_matrix.cli_primitive.dashed_line_shift.v1.0002	286	b6f4f74b411f3efded1b708e3e2d9c1b619dfa2049d119b0fd70518caa6294d3
render_matrix.cli_primitive.dot_scale.v1.0000	303	a278513d03337715069ab1bd0d40fe935e2112b3d2ca5c18e6e9c137ffb2c7fc
render_matrix.cli_primitive.dot_scale.v1.0001	304	14975eb8d0086db012a5625264ca2d3388f8f53058ade876ab94bff0ed768dcb
render_matrix.cli_primitive.dot_scale.v1.0002	304	14975eb8d0086db012a5625264ca2d3388f8f53058ade876ab94bff0ed768dcb
render_matrix.cli_primitive.dot_shift.v1.0000	283	f34862313db6da08158bec48809c231a39df26865381f3b5477876b4001f947f
render_matrix.cli_primitive.dot_shift.v1.0001	309	c582f5cb46bb3573d1155342c361699a22845ae014ed2a80f99afc34222486fe
render_matrix.cli_primitive.dot_shift.v1.0002	309	c582f5cb46bb3573d1155342c361699a22845ae014ed2a80f99afc34222486fe
render_matrix.cli_primitive.ellipse_scale.v1.0000	330	01fb5113a703ea8c79686ec6b4acea95c91831d5fc9b5f9226a1586fa071693d
render_matrix.cli_primitive.ellipse_scale.v1.0001	327	fb099a0f07efaebf1025fdd009ea09b527f3531bacabaef727813158615781ed
render_matrix.cli_primitive.ellipse_scale.v1.0002	327	fb099a0f07efaebf1025fdd009ea09b527f3531bacabaef727813158615781ed
render_matrix.cli_primitive.ellipse_shift.v1.0000	327	8c967e3d69afd973629478036c4c1c94bb3914ea2efc8a0cbd77d5f4c00de638
render_matrix.cli_primitive.ellipse_shift.v1.0001	334	960d2b21f337f60667da1759383e01f2fed3db1c8067da8e80bf55fa72746a40
render_matrix.cli_primitive.ellipse_shift.v1.0002	334	960d2b21f337f60667da1759383e01f2fed3db1c8067da8e80bf55fa72746a40
render_matrix.cli_primitive.hexagon_scale.v1.0000	358	e6223bb2d52f5671e3c59a88b9599104fd9646fa27bd2cb539bfe8cd1bf44c3e
render_matrix.cli_primitive.hexagon_scale.v1.0001	352	baf0382ab16d2640a4c0566bf349c823241b68c0fcb8ad3d2e31d9de6c51c231
render_matrix.cli_primitive.hexagon_scale.v1.0002	352	baf0382ab16d2640a4c0566bf349c823241b68c0fcb8ad3d2e31d9de6c51c231
render_matrix.cli_primitive.layered_polygon.v1.0000	382	5e62e428c19e82b2e3985df50f9d392c31376ccf97cd9e64bc04ad90b16a7f9b
render_matrix.cli_primitive.layered_polygon.v1.0001	379	92a87f4ac71dd6e2d7ec60ff1a3acca5fe4597919a50532a2b7386389edc3dd5
render_matrix.cli_primitive.layered_polygon.v1.0002	379	92a87f4ac71dd6e2d7ec60ff1a3acca5fe4597919a50532a2b7386389edc3dd5
render_matrix.cli_primitive.line_scale.v1.0000	327	9bc37d80f52a33c8e43c3d65c71c3f8a3f653b4e83459bc470c006add1f5d072
render_matrix.cli_primitive.line_scale.v1.0001	323	a3f81bc0a549bb2f5c4d35e88122d9cb93ac0a58fdd1a99ff4098e0f07692139
render_matrix.cli_primitive.line_scale.v1.0002	323	a3f81bc0a549bb2f5c4d35e88122d9cb93ac0a58fdd1a99ff4098e0f07692139
render_matrix.cli_primitive.line_shift.v1.0000	313	4c1e205420598100d3094b536ca9cf28e330a7dccc9d9ed0a5bd32ba354f1481
render_matrix.cli_primitive.line_shift.v1.0001	314	6490b0f37aa15dab0ba831159b252e775eaebbdd50f471c5f643a2638a202d64
render_matrix.cli_primitive.line_shift.v1.0002	314	6490b0f37aa15dab0ba831159b252e775eaebbdd50f471c5f643a2638a202d64
render_matrix.cli_primitive.pentagon_shift.v1.0000	333	6a435f11c468cf8b1af9864b198b77d9fb5c703d9ee735d8111b4050ea339029
render_matrix.cli_primitive.pentagon_shift.v1.0001	382	4126f9e10b4ccc7b28513485d0fad4f9e74c6bbf33f3b67a6debd0aa55f4c83e
render_matrix.cli_primitive.pentagon_shift.v1.0002	382	4126f9e10b4ccc7b28513485d0fad4f9e74c6bbf33f3b67a6debd0aa55f4c83e
render_matrix.cli_primitive.rectangle_scale.v1.0000	271	c45c40db3b4baa92edacd08cae93b7b3de196316e9d085164fa570f58b5379a9
render_matrix.cli_primitive.rectangle_scale.v1.0001	266	b62927b394b0f850467d7f749713a72966b78bf9af2f8104a99c28cd2704168b
render_matrix.cli_primitive.rectangle_scale.v1.0002	266	b62927b394b0f850467d7f749713a72966b78bf9af2f8104a99c28cd2704168b
render_matrix.cli_primitive.rectangle_shift.v1.0000	296	cd2e87d27739176f18f48b431eb80c1507ffc2a9415c78991c478dc2839b0648
render_matrix.cli_primitive.rectangle_shift.v1.0001	299	d8387fb7541b1fa4c81cab816f8adfc626925d1b5dfce04f3e4de7d496e15b1d
render_matrix.cli_primitive.rectangle_shift.v1.0002	299	d8387fb7541b1fa4c81cab816f8adfc626925d1b5dfce04f3e4de7d496e15b1d
render_matrix.cli_primitive.rounded_rectangle.v1.0000	369	c090537c160f18a55d57da8ba94d8db9614ae80179f240be6160faaf6770e3ce
render_matrix.cli_primitive.rounded_rectangle.v1.0001	366	de8bc084ef02f17e251a5816bf44546692d8c13dfc2f3ba36779e97b84053cdf
render_matrix.cli_primitive.rounded_rectangle.v1.0002	366	de8bc084ef02f17e251a5816bf44546692d8c13dfc2f3ba36779e97b84053cdf
render_matrix.cli_primitive.triangle_scale.v1.0000	299	b52cdb52637ff7013acd7a9d1bbfe29db185a9cf0fed97b81cf07b9709430a15
render_matrix.cli_primitive.triangle_scale.v1.0001	296	37ce9f07317b5d81f874af65ae3b5542ce5bd98723090cd373ff78ca57cc162d
render_matrix.cli_primitive.triangle_scale.v1.0002	296	37ce9f07317b5d81f874af65ae3b5542ce5bd98723090cd373ff78ca57cc162d
render_matrix.cli_primitive.triangle_shift.v1.0000	305	51fa7998eb29547133f3cf9080da470532ca6ae94619ddf5aa1b0d6786a2abdb
render_matrix.cli_primitive.triangle_shift.v1.0001	343	52404263bcfe166c2a4217d72effda7ded02e07af22041c497f948a31267b359
render_matrix.cli_primitive.triangle_shift.v1.0002	343	52404263bcfe166c2a4217d72effda7ded02e07af22041c497f948a31267b359
render_matrix.hd.png_seq.certified.v1.0000	24990	81407ef2272483837563e564e48d2d0194cce90fc1d9bf15b3956335babff01d
render_matrix.hd.y4m.certified.v1	3110451	afb9bb90b0a71c75b848ede4f8cafd882aaaccf26d76a3e465347669ded973ba
render_matrix.low.png_seq.certified.v1.0000	7374	60963d1930c826f272be081875b22678939be059b187405ed7b53b1abafecf72
render_matrix.low.png_seq.certified.v1.0001	7385	dec8e1ea7f9535896e5af5516f6b2a9f5154a2b5c934b064a5fca221b59711bc
render_matrix.low.png_seq.certified.v1.0002	7385	dec8e1ea7f9535896e5af5516f6b2a9f5154a2b5c934b064a5fca221b59711bc
render_matrix.low.y4m.certified.v1	1844701	128224305bf77aecfbd7624b0b39af57e9918db0290b45e4bb69060068e64fe6
render_matrix.medium.png_seq.certified.v1.0000	14069	ee21336c6284e356224d497a7b2b98cb6f968c8fb3f4dd1ddafcb1d2aea48f43
render_matrix.medium.y4m.certified.v1	1382450	d7c71d0938b609a2858b1757a7758cec24773ad1da0e1ab1a58bc3a673fe1dab
render_matrix.uhd.png_seq.certified.v1.0000	69704	ca3edc95299c08a6fbb58986294f15d787e91fb9c9bb5a5a9c724bb4aa89bbf7
render_matrix.uhd.y4m.certified.v1	12441651	ab7096afb08a35b4ae2b18ea0bd67fc5498cb23ab1baefbfde0f6d2fcdfdbec9
