# fmn-golden-lock v1 suite=e2e key=certified
determinism.repeat.v1	9849837	75c3e46ecbd6a37c3045fda779e8d115853d2fbef0b1b1cf2eda190c24f0a177
lifecycle.circle_tex_label.construct_transform.v1	927693	3e75e7e7c7604a43a8feb2f4e0f3a06306c548dbf6a109195a33cc72027a0df2
render_matrix.hd.png_seq.certified.v1.0000	24990	81407ef2272483837563e564e48d2d0194cce90fc1d9bf15b3956335babff01d
render_matrix.hd.y4m.certified.v1	3110451	afb9bb90b0a71c75b848ede4f8cafd882aaaccf26d76a3e465347669ded973ba
render_matrix.low.png_seq.certified.v1.0000	7374	60963d1930c826f272be081875b22678939be059b187405ed7b53b1abafecf72
render_matrix.low.png_seq.certified.v1.0001	7385	dec8e1ea7f9535896e5af5516f6b2a9f5154a2b5c934b064a5fca221b59711bc
render_matrix.low.png_seq.certified.v1.0002	7385	dec8e1ea7f9535896e5af5516f6b2a9f5154a2b5c934b064a5fca221b59711bc
render_matrix.low.y4m.certified.v1	1844701	128224305bf77aecfbd7624b0b39af57e9918db0290b45e4bb69060068e64fe6
render_matrix.medium.png_seq.certified.v1.0000	14069	ee21336c6284e356224d497a7b2b98cb6f968c8fb3f4dd1ddafcb1d2aea48f43
render_matrix.medium.y4m.certified.v1	1382450	d7c71d0938b609a2858b1757a7758cec24773ad1da0e1ab1a58bc3a673fe1dab
render_matrix.uhd.png_seq.certified.v1.0000	69704	ca3edc95299c08a6fbb58986294f15d787e91fb9c9bb5a5a9c724bb4aa89bbf7
render_matrix.uhd.y4m.certified.v1	12441651	ab7096afb08a35b4ae2b18ea0bd67fc5498cb23ab1baefbfde0f6d2fcdfdbec9
