# fmn-golden-lock v1 suite=e2e key=certified
determinism.repeat.v1	9849837	06e9fb1c9743d32c9ea489acd7c2e15fef14215c6a9e4913f4577995a65e5c8b
lifecycle.circle_tex_label.construct_transform.v1	927693	d0fb5f34071b509f7fa46c1a848f657c21939a68a0ca844382215965be252667
render_matrix.hd.png_seq.certified.v1.0000	24990	81407ef2272483837563e564e48d2d0194cce90fc1d9bf15b3956335babff01d
render_matrix.hd.y4m.certified.v1	3110451	afb9bb90b0a71c75b848ede4f8cafd882aaaccf26d76a3e465347669ded973ba
render_matrix.low.png_seq.certified.v1.0000	7353	08fabe1da1dd67ca514ec1c037ab39137dacb4546a3fe576874b96f7e3cf7736
render_matrix.low.png_seq.certified.v1.0001	7348	96c7d70123eceeb6d740875366b41891d770c2f02597a4348d1904d509a35dbe
render_matrix.low.png_seq.certified.v1.0002	7348	96c7d70123eceeb6d740875366b41891d770c2f02597a4348d1904d509a35dbe
render_matrix.low.y4m.certified.v1	1844701	18c53903036c3fa43c2841579fc3dcf293f4c5fcd34aa691419c17d7fd09dc5f
render_matrix.medium.png_seq.certified.v1.0000	14069	ee21336c6284e356224d497a7b2b98cb6f968c8fb3f4dd1ddafcb1d2aea48f43
render_matrix.medium.y4m.certified.v1	1382450	d7c71d0938b609a2858b1757a7758cec24773ad1da0e1ab1a58bc3a673fe1dab
render_matrix.uhd.png_seq.certified.v1.0000	69704	ca3edc95299c08a6fbb58986294f15d787e91fb9c9bb5a5a9c724bb4aa89bbf7
render_matrix.uhd.y4m.certified.v1	12441651	ab7096afb08a35b4ae2b18ea0bd67fc5498cb23ab1baefbfde0f6d2fcdfdbec9
