# fmn-gallery-3d-lock v1 key=certified
solids-surfaces.front.v1	d75f71a18ae5d1efbd1baf87af93403f8f5c341446bb6714940fc0e50633a541
solids-surfaces.orbit.v1	52281c7f2bb304dfa844971aa3cc577e032fcbecd4ea7a15b46a4e39af7e5897
solids-surfaces.quarter.v1	9d543ff725cb16e34a85147011c4a5e747d6249cbda05e7aa9279d89ddcc42eb
