# fmn-golden-lock v1 suite=scene_goldens key=certified
arc_family.v1	927607	8a7ba3d891bba9908782b649726694fe566a03b40abe24aa52375615ed260109
axes_basic.v1	926087	c9b9879cbc5d33dd9fd4f48ef7ab35690b4befa483a8165ae6d7740a05b19c23
axes_function_graph.v1	931896	24279d892c71160a3c55872a3fa74c460ab2fd636499009f848e08d5e2100e83
brace_label.v1	933480	a6a9d90b1bc1b373a964ea5332e932154e8a1b1b69fd72dd1ef7f73d4469c267
bulleted_list.v1	965826	3ad916349b375afe31e3d36d0aa817491c8fed166218f3210f5f2383c9c41928
circle_tex_label.v1	927693	d0fb5f34071b509f7fa46c1a848f657c21939a68a0ca844382215965be252667
controls_panel.v1	932235	d9776449d0f68e1b42db933371555d8992c8f6c25d32a62025ad39edfa2d6c7a
decimal_matrix.v1	945411	566c0d2b66d1513a3e84d3a9bb8438df1953d3f41ca0b900b5a576fb9a9a0715
decimal_number_tick.v1	930888	c11ab785fa95a354d18c34f98766f3d3825173928c0322b6f34b200291e59cf5
ellipse_and_annulus.v1	928056	c31e965cf6488edc7134f3841e0cb1acb1b95b0a5b672bce37483d8b232bcf52
implicit_circle.v1	965644	4c3111939d8b5ce64299349ef726e08df43ab8124f698f150d540ef578bb3377
integer_counter.v1	927924	f1dcdfc3f6410f39cff3ba177869559f5d9cf0ad07133eb8b0a21aa8136f8b19
layered_alpha_stack.v1	926040	d8fc1b8608c23cb7cec4124a2faae8bbde0ea18131ea739e94556fb7a6eb77de
line_family.v1	926312	33a0d9f8ba60dd7f59bd3344f5606c6305b41a10223f940ad5ec9d180b81194b
matchers_marks.v1	941531	6fcbb9f60722276e6e6e9b7f18b461168fa39e657d2da62ad633a897e9263d5b
matrix_2x2.v1	931447	c1b3ba7d758a4f95c84155365f7b376a6afa325e675de458eca86b1d95c05484
number_line.v1	936424	fb4b77176b8061dd799f226fd31ce07339cc9f1488b9514f58dd804eb353fafd
parametric_lissajous.v1	944057	27d0acf44ccdee43601543bfa070b7a7b179d81044e036ce83494044ac1e230b
poly_family.v1	925552	b606172d541c86b285a6f7623014c6e853caf0a096e9688e40112b067ba74864
polygon_and_cubic.v1	925902	d36af77f639978f1f2c76e5f6f6344f3c8f0ab04e22c4eebb642e665eecf10af
rounded_rectangle_arrow.v1	925708	6aca2eff90ce484199aaee3c2368459fe4deea6594fecb0cf148afd84420627d
tex_display_sum.v1	945588	d5a7069166621c2bcba72a8113b826bec63448aea9dee9e40bf797e114787f96
tex_fraction.v1	934033	13415e4642123d9d2be0cdafbef8a95229af15f587d195be0e0e84231d068b58
tex_overbrace.v1	950394	245a96b716b03702a9522d80472013c79ba0fc4336775beaaecad181b4a4da5f
text_basic.v1	946711	f9e32e4face62229d2815c10f44b904d5d566dede24c64362bb13e595ab845ed
text_styled_spans.v1	951022	75ce738b4b60f8beeb3b21eb47df00607b39a6eb4de75d04078ef1eee8415344
title_underlined.v1	942317	0214c24878468bc66ebd3a5c24a21e38d13c96fb3ebb2972d17033914b11538c
