# fmn-golden-lock v1 suite=scene_goldens key=certified
arc_family.v1	927607	e6b0149880ed06d2dd83e246745a56d388e3d9239e187ecbbb61ebb63674bd16
axes_basic.v1	926087	433c3f426bdbe267f9d1176c230b612c5afa17089e5fecea295137970782b36e
axes_function_graph.v1	931896	fad5c675f3e7659330da89322053ce43378e573ddc8a14485fefc3c561656bf2
brace_label.v1	933480	61485f63d58a4b09a2935941bc7a5df4036889cf2e088ae99091b7d521b2d950
bulleted_list.v1	965826	a3d39220a8e844a43cfd8969508d9c7e175a2af32e52bd6eb09b8025cdcfe6a4
circle_tex_label.v1	927693	3e75e7e7c7604a43a8feb2f4e0f3a06306c548dbf6a109195a33cc72027a0df2
controls_panel.v1	932235	4d34d139017df91714c7404a4f93d80ca34c5220c96b46ab99a35fb79e68e010
decimal_matrix.v1	945411	0a92c62622727d5534b25df1a26986fa3114cf14c35b6bb22cab4e427d8c3107
decimal_number_tick.v1	930888	3586f36b77fc853f0ba3761fa63582d2b17369c7cc650af29213d5b4aa34d15a
ellipse_and_annulus.v1	928056	398d88792491bbe387e9d7013e7b7063c53043f151171a505acd929a1a104b6b
implicit_circle.v1	965644	d9858a3996a3569fda08c6f58236afce20265f963c973f765e0bb894c6753427
integer_counter.v1	927924	07c1b8b4daaba9f37c117ab96c047a370d720efa143fc8749d771138c8f3c0d7
layered_alpha_stack.v1	926040	d1224672f9171cd169b8e9c22cb1b968c4fb2b5a7a90e6f5e559ea557667a322
line_family.v1	926224	6ae338ac6c9491dab1d4579012ad23f9f7c643972f5926d3f9bf35871db51a80
matchers_marks.v1	941531	f2b27915a05e3ef0a12346b8bb04363a6edc67a76173b2f393ce544da25b4fb3
matrix_2x2.v1	931447	0dedd5525458710e25ac840f5b22075ff5e0d6b2a66926e643dfd05c88340aae
number_line.v1	936424	83ee8fc6d29bf677a2d1fc580a7e66f5af9e37c79f6814a2c5accd8ce15160f4
parametric_lissajous.v1	944057	87203c26c1b0bd5e2372f15aaceeee32fdddc3a4d2caf99d4736567a23ecb43d
poly_family.v1	925552	a6c2e9d704c99cedfa95df52af5913d4952ab52afe40c0107657cc1f89cda439
polygon_and_cubic.v1	925902	89c0e779024969a192af05b96428de4e436cb3a415db3b44451896aa87fa6707
rounded_rectangle_arrow.v1	925620	922af293cce26c2162bdac7d79fc1fa11a29f75b99089e2752a92e2212bac308
tex_display_sum.v1	945588	103f62e3effe66e2b0ca287212dd4f1fe02a5ce56d738ebfec314f670b83e4dd
tex_fraction.v1	934033	6d4c165ab51683782ec4f29205385ab6c870d1b08cdd79968d7a0c4d9fe40ed7
tex_overbrace.v1	950394	6f2a63b9f7c1c8ca9ad51cef0d2ce8218dce4e330529403dd9d10ac9584b4b0a
text_basic.v1	946711	0162cf629696c37b827a368c2c4b75508405cdfe90912fc46eddf83ef3b17891
text_styled_spans.v1	951022	08b6213a3fa8fbd0debc0c56df45862256951cdf869606ab6ed6f5e0efbe8c12
title_underlined.v1	942317	0214c24878468bc66ebd3a5c24a21e38d13c96fb3ebb2972d17033914b11538c
