# fmn-golden-lock v1 suite=scene_runtime key=certified
annulus_scale.v1	126112	7b5447eb73d4e1418999ba81898a04406906f9626e7496655c998c2d1e17d358
annulus_shift.v1	126112	3e4268e46b280f02d12fa4de718a879ed9f6efc79582c5247247982375880a46
arc_between_points.v1	126117	57f894010eff53a5672c37546e07ddaa21146831adde1169164c58d41464b6ab
arc_scale.v1	126108	34a478ddb744c789aec3be44b1cd2be5a2c3678ebc90b65804e3d7438bac3416
arc_shift.v1	126108	c4c653ffb8823e704b31456d8239158b0b8ebdb0009c849e90cfd290ed95d225
arrow_scale.v1	126110	580f156bd16f9568d25b7169ee9d5b0a02d6ac024dac4c53c48c43acb9644d6f
arrow_shift.v1	126110	beba84b377783422581829ae9fdeadc441e89aeda94646fc707e9d4fece0f8b2
circle_scale.v1	126111	cfc03e40b6a932c6fe3c34a39cfe6d35ba8e8a46f703133f1b1543611affbd39
circle_shift.v1	126111	6019b2b4f4c2d982cd3d247c6dfd6e2afce733533390d220f58283fab2f63a28
dashed_line_scale.v1	126116	59e0286731771c8fd480681ec2247eb4cb62419b59bfdb30467db173a1bbb2ef
dashed_line_shift.v1	126116	c788e65f46df932549e91181e8089cce7c0b36fd01902592b835fea57f38e418
dot_scale.v1	126108	91fcad5a3fce12039f0c19425cca1e7dd913c5b9b56dc6330058caed1c03a551
dot_shift.v1	126108	572fca9fd51548a770575b802f2d275e47f7dbe070685677d4cf37e5d5e7db24
ellipse_scale.v1	126112	2fdb3cfabb5af89d785a5d7804c8c4e86956b9846f58f7fad6991eeef7f68438
ellipse_shift.v1	126112	e380e9896c2a342bf463920a0b485cc7ab01d7e4a68b2354fa5ba3ce2a8fcec4
hexagon_scale.v1	126112	250015dcd2dbf26ee3cd4f0bb20bb32c8ea2374194af0d29292a7ccc32528e93
layered_polygon.v1	126114	85aca028813c3ba13b67507da9d700b2d97238c3c6dd340d190ca6c3e4921a58
line_scale.v1	126109	a92e918a59c9425fe3410ffc18615d2234f8fcf5fed1a0c0162bb9659745045e
line_shift.v1	126109	7c8bb3b056cb5afded7c08445cb87ed13bc6b2e8c6f988e438cd8aa5370c952b
pentagon_shift.v1	126113	3e76d16d5c14dd1114962a0894a3b4dd2d42a5cac383e34252c3fe6055b1fc09
rectangle_scale.v1	126114	11c02f6d64a3d41367fd16774064651412fe79f0861aeb4447ded2c3533d012b
rectangle_shift.v1	126114	348a15143194a6a4844e9afd8035117136a784e77c10f0c72c13553ec5171efd
rounded_rectangle.v1	126116	7a51acd29f458e6076a5030a70b1771ebfe57f0ec530acaceb7925d6eb828d46
triangle_scale.v1	126113	99813fd05820f333b18e2f96347828ba4297318b6753ec706c603f375dd6bd79
triangle_shift.v1	126113	665a2d7c4f3e97e2d483833ce2d323e231f4bf6f7abf16572405910c9ed26363
