# fmn-golden-lock v1 suite=scene_runtime key=certified
annulus_scale.v1	126112	34151b84963429c8e74d322694547a33fdd16e434ed7a2321f3d9ecc9e678215
annulus_shift.v1	126112	07c87ec6c7f1c3d2ef44dd5771feaeb2accb91bbfff96b73eea11dc992d1228e
arc_between_points.v1	126117	03b241f0de0683908766636808bb79db902fe08769850eaa92fe843c3356e506
arc_scale.v1	126108	9787d7009b9de0852ac3d252d8f672a837564e121b6cd8929c0ec6b67c4ec865
arc_shift.v1	126108	54048c0c124995bb78fd1142ff03cc29f045a73c3bcc0717fde709f83a7a89e0
arrow_scale.v1	126110	59d9c30a189a482e0fe7790eb41e6abcae80c0ae70c9bdd244d5b7676886a7ef
arrow_shift.v1	126110	d8e0c8f17e0ba885d60388768ac298d93d03aec46d245ba886faea33f207b7fc
circle_scale.v1	126111	bb30682ac746293e728b6f2cf4ee2985b8da3cb3a0178d556fc5dc49bdb9aa97
circle_shift.v1	126111	67620496f87c21914e3606977a2b34816834d6dead0590e67b04440d73aef769
dashed_line_scale.v1	126116	a90e7404e7a07163451a8bbf4ad45450447e1d7efeabb42381f0881b9d973605
dashed_line_shift.v1	126116	8847c03281c698f93a09ed9793b9f829a1816ce3eb68144c1d0d291aa759bb87
dot_scale.v1	126108	687935ca943637de0fd1dd310104046406365024f12f22ba073a1ee8855e476a
dot_shift.v1	126108	945fe716d3bbe4a8bcf4296be0712c20dfd517a5a568352816a9c2a42c1dd971
ellipse_scale.v1	126112	836a2e05021dc6ef3a6b200d82904b24130e0abe8290dfd03d32ba85f1d39456
ellipse_shift.v1	126112	e72bb467d3f975962f3ebed5a018b3d4abd853bb3ef5ba26468f9ba9627e6951
hexagon_scale.v1	126112	45031f8fc0abc3d3c8663ac2fd213a3f349d584b643fa7c411a28e027121971c
layered_polygon.v1	126114	60583c459b1627af6eaa8e287c04f914241b375185667ab476f874a117a00c46
line_scale.v1	126109	81edfef0c3ff94abbbdd24611f58a644ac6a9c8f7d20e139b4294e8b5edac2c7
line_shift.v1	126109	be953bef359e0489b412a6a1a5f06212c79b84a94ac43e1a2552c17a10ed5799
pentagon_shift.v1	126113	2cc05343d7dcc2d077701e8b0ab25329822b39239056f676292db6158a4eb78a
rectangle_scale.v1	126114	0317b71484e2a762b3a2959c5cd0b06355636cd1552b414fc537e752d4a5fe44
rectangle_shift.v1	126114	f898cb715d8aa93c242aba9aad1ae68c71ee570733417e0981d813ff37ba0dbd
rounded_rectangle.v1	126116	52d1436270683627e293c993a82e2da32544e2827408b4bce946e4034b8db80a
triangle_scale.v1	126113	3b020af50ed10a912407054e452bd64436c67dde1d949c9363fafe523c32ba9e
triangle_shift.v1	126113	c6165d99cb5fdc1cb52582c47eb35051418d9287373ea3394e482ed8402abea4
