# fmn-golden-lock v1 suite=scene_runtime key=certified
annulus_scale.v1	126112	44359b88f9c33d0c9c893c0b88f2d0be4637ba65cfcb7f7e8870127930aa73cf
annulus_shift.v1	126112	07c87ec6c7f1c3d2ef44dd5771feaeb2accb91bbfff96b73eea11dc992d1228e
arc_between_points.v1	126117	03b241f0de0683908766636808bb79db902fe08769850eaa92fe843c3356e506
arc_scale.v1	126108	5258b05ee6424d698bb8de0e6a70d6bd30b9476ce6679f1c691691711c58cd02
arc_shift.v1	126108	928a337ca59c86b5073481bb5acb9208a45fa69c57a7412cd9c827536936771a
arrow_scale.v1	126110	59d9c30a189a482e0fe7790eb41e6abcae80c0ae70c9bdd244d5b7676886a7ef
arrow_shift.v1	126110	d8e0c8f17e0ba885d60388768ac298d93d03aec46d245ba886faea33f207b7fc
circle_scale.v1	126111	bb30682ac746293e728b6f2cf4ee2985b8da3cb3a0178d556fc5dc49bdb9aa97
circle_shift.v1	126111	15fe4161a98859c449df173f5c278a2cb388588e7a540ee8fa60ad6a4b3fa884
dashed_line_scale.v1	126116	a48e921f004113534cd320fd108f9f2488b9fd3d2b0d79b35d0fd1c1aa03f38c
dashed_line_shift.v1	126116	8f73c4b6dd941add0be8baa4dcf7c15c7d9a35b4a88dbaee58381671ae311804
dot_scale.v1	126108	687935ca943637de0fd1dd310104046406365024f12f22ba073a1ee8855e476a
dot_shift.v1	126108	f26b47ed8c05886740027374b45ae0be6d0f645945be6bdabc58423ffa803867
ellipse_scale.v1	126112	836a2e05021dc6ef3a6b200d82904b24130e0abe8290dfd03d32ba85f1d39456
ellipse_shift.v1	126112	e72bb467d3f975962f3ebed5a018b3d4abd853bb3ef5ba26468f9ba9627e6951
hexagon_scale.v1	126112	b48edd7e061ec0aa5f87d26476a154b88cbce3476dc7a0b1bfacefbdcc4736d9
layered_polygon.v1	126114	60583c459b1627af6eaa8e287c04f914241b375185667ab476f874a117a00c46
line_scale.v1	126109	81edfef0c3ff94abbbdd24611f58a644ac6a9c8f7d20e139b4294e8b5edac2c7
line_shift.v1	126109	be953bef359e0489b412a6a1a5f06212c79b84a94ac43e1a2552c17a10ed5799
pentagon_shift.v1	126113	2cc05343d7dcc2d077701e8b0ab25329822b39239056f676292db6158a4eb78a
rectangle_scale.v1	126114	0317b71484e2a762b3a2959c5cd0b06355636cd1552b414fc537e752d4a5fe44
rectangle_shift.v1	126114	f898cb715d8aa93c242aba9aad1ae68c71ee570733417e0981d813ff37ba0dbd
rounded_rectangle.v1	126116	52d1436270683627e293c993a82e2da32544e2827408b4bce946e4034b8db80a
triangle_scale.v1	126113	3b020af50ed10a912407054e452bd64436c67dde1d949c9363fafe523c32ba9e
triangle_shift.v1	126113	c6165d99cb5fdc1cb52582c47eb35051418d9287373ea3394e482ed8402abea4
