# This file is automatically @generated by Cargo.
# It is not intended for manual editing.
version = 4

[[package]]
name = "fmn-anim"
version = "0.1.0"
dependencies = [
 "fmn-core",
 "fmn-dmath",
 "fmn-mobject",
]

[[package]]
name = "fmn-cache"
version = "0.1.0"
dependencies = [
 "fmn-core",
 "fmn-hash",
 "fmn-platform",
]

[[package]]
name = "fmn-cli"
version = "0.1.0"
dependencies = [
 "fmn-config",
 "fmn-core",
 "fmn-library",
 "fmn-output",
 "fmn-platform",
 "fmn-runtime",
 "fmn-scene",
 "fmn-studio",
]

[[package]]
name = "fmn-codec"
version = "0.1.0"
dependencies = [
 "fmn-core",
 "fmn-frame",
 "fmn-hash",
]

[[package]]
name = "fmn-config"
version = "0.1.0"
dependencies = [
 "fmn-core",
 "fmn-hash",
]

[[package]]
name = "fmn-conformance"
version = "0.1.0"
dependencies = [
 "fmn-anim",
 "fmn-core",
 "fmn-geom",
 "fmn-hash",
 "fmn-library",
 "fmn-mobject",
 "fmn-output",
 "fmn-render",
 "fmn-scene",
]

[[package]]
name = "fmn-core"
version = "0.1.0"

[[package]]
name = "fmn-dmath"
version = "0.1.0"
dependencies = [
 "fmn-core",
]

[[package]]
name = "fmn-frame"
version = "0.1.0"
dependencies = [
 "fmn-core",
 "fmn-dmath",
]

[[package]]
name = "fmn-geom"
version = "0.1.0"
dependencies = [
 "fmn-core",
 "fmn-dmath",
]

[[package]]
name = "fmn-hash"
version = "0.1.0"
dependencies = [
 "fmn-core",
]

[[package]]
name = "fmn-library"
version = "0.1.0"
dependencies = [
 "fmn-anim",
 "fmn-core",
 "fmn-geom",
 "fmn-mobject",
 "fmn-tex",
 "fmn-text",
]

[[package]]
name = "fmn-mobject"
version = "0.1.0"
dependencies = [
 "fmn-core",
 "fmn-geom",
 "fmn-hash",
]

[[package]]
name = "fmn-output"
version = "0.1.0"
dependencies = [
 "fmn-cache",
 "fmn-codec",
 "fmn-core",
 "fmn-frame",
 "fmn-hash",
 "fmn-platform",
]

[[package]]
name = "fmn-platform"
version = "0.1.0"
dependencies = [
 "fmn-core",
]

[[package]]
name = "fmn-python"
version = "0.1.0"
dependencies = [
 "fmn-anim",
 "fmn-config",
 "fmn-core",
 "fmn-library",
 "fmn-mobject",
 "fmn-scene",
]

[[package]]
name = "fmn-render"
version = "0.1.0"
dependencies = [
 "fmn-cache",
 "fmn-core",
 "fmn-dmath",
 "fmn-frame",
 "fmn-geom",
 "fmn-hash",
 "fmn-mobject",
]

[[package]]
name = "fmn-runtime"
version = "0.1.0"
dependencies = [
 "fmn-core",
 "fmn-platform",
]

[[package]]
name = "fmn-scene"
version = "0.1.0"
dependencies = [
 "fmn-anim",
 "fmn-config",
 "fmn-core",
 "fmn-mobject",
 "fmn-platform",
 "fmn-render",
]

[[package]]
name = "fmn-spike-object-model"
version = "0.1.0"
dependencies = [
 "fmn-core",
]

[[package]]
name = "fmn-studio"
version = "0.1.0"
dependencies = [
 "fmn-codec",
 "fmn-core",
 "fmn-frame",
 "fmn-platform",
 "fmn-render",
 "fmn-scene",
]

[[package]]
name = "fmn-tex"
version = "0.1.0"
dependencies = [
 "fmn-cache",
 "fmn-config",
 "fmn-core",
 "fmn-mobject",
 "fmn-text",
]

[[package]]
name = "fmn-text"
version = "0.1.0"
dependencies = [
 "fmn-core",
 "fmn-geom",
 "fmn-mobject",
]
